version: 2.0
shards:
  ameba:
    git: https://github.com/crystal-ameba/ameba.git
    version: 0.12.1

  amq-protocol:
    git: https://github.com/cloudamqp/amq-protocol.cr.git
    version: 0.3.12

  amqp-client:
    git: https://github.com/cloudamqp/amqp-client.cr.git
    version: 0.5.19+git.commit.15fa1e1a363931f6495554ef9cf567c1af589b8b

  baked_file_system:
    git: https://github.com/carlhoerberg/baked_file_system.git
    version: 0.9.8+git.commit.06bcba0b0f41fde77d4468556a15cfaa736c80c7

  http-protection:
    git: https://github.com/rogeriozambon/http-protection.git
    version: 0.2.0+git.commit.1817a4e60c58893cc25eb268aed4f444a681ac6b

  radix:
    git: https://github.com/luislavena/radix.git
    version: 0.3.9

  router:
    git: https://github.com/tbrand/router.cr.git
    version: 0.2.7

  systemd:
    git: https://github.com/84codes/systemd.cr.git
    version: 1.0.0

