version: 2.0
shards:
  ameba:
    git: https://github.com/crystal-ameba/ameba.git
    version: 1.6.1

  amq-protocol:
    git: https://github.com/cloudamqp/amq-protocol.cr.git
    version: 1.1.14

  amqp-client:
    git: https://github.com/cloudamqp/amqp-client.cr.git
    version: 1.2.4

  lz4:
    git: https://github.com/84codes/lz4.cr.git
    version: 1.0.0+git.commit.6cc0d0096207821222317ee02ea23d5296ad4023

  radix:
    git: https://github.com/luislavena/radix.git
    version: 0.4.1

  router:
    git: https://github.com/tbrand/router.cr.git
    version: 0.2.8

  systemd:
    git: https://github.com/84codes/systemd.cr.git
    version: 2.0.0

