version: 1.0
shards:
  ameba:
    github: veelenga/ameba
    version: 0.8.0

  amq-protocol:
    github: cloudamqp/amq-protocol.cr
    version: 0.1.5

  amqp:
    github: cloudamqp/amqp.cr
    commit: a26227a3f84bec2e6b5997bcb84b25b37f759079

  baked_file_system:
    github: schovi/baked_file_system
    version: 0.9.8

  cache_hash:
    github: samueleaton/cache-hash
    commit: 2f967653d57e4ab3c0c059ba312c2fe8db8a421d

  radix:
    github: luislavena/radix
    version: 0.3.8

  router:
    github: tbrand/router.cr
    version: 0.2.7

